
Microsoft Visual Studio Solution File, Format Version 12.00
# Visual Studio Version 17
VisualStudioVersion = 17.1.32421.90
MinimumVisualStudioVersion = 10.0.40219.1
Project("{FAE04EC0-301F-11D3-BF4B-00C04F79EFBC}") = "MvcMovie", "MvcMovie\MvcMovie.csproj", "{8CEE8834-15F8-484A-8734-7A001BDE7360}"
EndProject
Global
	GlobalSection(SolutionConfigurationPlatforms) = preSolution
		Debug|Any CPU = Debug|Any CPU
		Release|Any CPU = Release|Any CPU
	EndGlobalSection
	GlobalSection(ProjectConfigurationPlatforms) = postSolution
		{8CEE8834-15F8-484A-8734-7A001BDE7360}.Debug|Any CPU.ActiveCfg = Debug|Any CPU
		{8CEE8834-15F8-484A-8734-7A001BDE7360}.Debug|Any CPU.Build.0 = Debug|Any CPU
		{8CEE8834-15F8-484A-8734-7A001BDE7360}.Release|Any CPU.ActiveCfg = Release|Any CPU
		{8CEE8834-15F8-484A-8734-7A001BDE7360}.Release|Any CPU.Build.0 = Release|Any CPU
	EndGlobalSection
	GlobalSection(SolutionProperties) = preSolution
		HideSolutionNode = FALSE
	EndGlobalSection
	GlobalSection(ExtensibilityGlobals) = postSolution
		SolutionGuid = {65F90C0D-5328-4536-B829-05C550B1D968}
	EndGlobalSection
EndGlobal
